
Microsoft Visual Studio Solution File, Format Version 12.00
Project("{FAE04EC0-301F-11D3-BF4B-00C04F79EFBC}") = "ResxFormatter.Extension.Rider", "ResxFormatter.Extension.Rider\dotnet\ResxFormatter.Extension.Rider\ResxFormatter.Extension.Rider.csproj", "{E7B9629F-C435-4A51-9938-CE38601C599C}"
EndProject
Project("{2150E333-8FDC-42A3-9474-1A3956D46DE8}") = "_", "_", "{05608FE6-4FD1-4E9D-9BE2-B13A0E370BA2}"
ProjectSection(SolutionItems) = preProject
	ResxFormatter.Extension.Rider\dotnet\Directory.Build.props = ResxFormatter.Extension.Rider\dotnet\Directory.Build.props
	ResxFormatter.Extension.Rider\dotnet\Plugin.props = ResxFormatter.Extension.Rider\dotnet\Plugin.props
	ResxFormatter.Extension.Rider\rider\main\resources\META-INF\plugin.xml = ResxFormatter.Extension.Rider\rider\main\resources\META-INF\plugin.xml
	ResxFormatter.Extension.Rider\CHANGELOG.md = ResxFormatter.Extension.Rider\CHANGELOG.md
	ResxFormatter.Extension.Rider\gradle.properties = ResxFormatter.Extension.Rider\gradle.properties
EndProjectSection
EndProject
Project("{FAE04EC0-301F-11D3-BF4B-00C04F79EFBC}") = "ResxFormatter", "ResxFormatter\ResxFormatter.csproj", "{7D0F1C6A-E1F1-466B-990C-0E07B462C8DA}"
EndProject
Project("{2150E333-8FDC-42A3-9474-1A3956D46DE8}") = "Core", "ResxFormatter.Extension.Rider\Core", "{E2F939BA-AC06-417F-84F4-26EEE0605149}"
EndProject
Project("{2150E333-8FDC-42A3-9474-1A3956D46DE8}") = "Plugin", "ResxFormatter.Extension.Rider\Plugin", "{01C3DEF5-50B2-47CB-9467-19BC6DDF9D3D}"
EndProject
Project("{FAE04EC0-301F-11D3-BF4B-00C04F79EFBC}") = "ResxFormatter.UnitTest", "ResxFormatter.UnitTests\ResxFormatter.UnitTest.csproj", "{564D0E72-3908-4D5C-8603-A20AE41A3A99}"
EndProject
Global
	GlobalSection(SolutionConfigurationPlatforms) = preSolution
		Debug|Any CPU = Debug|Any CPU
		Release|Any CPU = Release|Any CPU
	EndGlobalSection
	GlobalSection(ProjectConfigurationPlatforms) = postSolution
		{E7B9629F-C435-4A51-9938-CE38601C599C}.Debug|Any CPU.ActiveCfg = Debug|Any CPU
		{E7B9629F-C435-4A51-9938-CE38601C599C}.Debug|Any CPU.Build.0 = Debug|Any CPU
		{E7B9629F-C435-4A51-9938-CE38601C599C}.Release|Any CPU.ActiveCfg = Release|Any CPU
		{E7B9629F-C435-4A51-9938-CE38601C599C}.Release|Any CPU.Build.0 = Release|Any CPU
		{7D0F1C6A-E1F1-466B-990C-0E07B462C8DA}.Debug|Any CPU.ActiveCfg = Debug|Any CPU
		{7D0F1C6A-E1F1-466B-990C-0E07B462C8DA}.Debug|Any CPU.Build.0 = Debug|Any CPU
		{7D0F1C6A-E1F1-466B-990C-0E07B462C8DA}.Release|Any CPU.ActiveCfg = Release|Any CPU
		{7D0F1C6A-E1F1-466B-990C-0E07B462C8DA}.Release|Any CPU.Build.0 = Release|Any CPU
		{564D0E72-3908-4D5C-8603-A20AE41A3A99}.Debug|Any CPU.ActiveCfg = Debug|Any CPU
		{564D0E72-3908-4D5C-8603-A20AE41A3A99}.Debug|Any CPU.Build.0 = Debug|Any CPU
		{564D0E72-3908-4D5C-8603-A20AE41A3A99}.Release|Any CPU.ActiveCfg = Release|Any CPU
		{564D0E72-3908-4D5C-8603-A20AE41A3A99}.Release|Any CPU.Build.0 = Release|Any CPU
	EndGlobalSection
	GlobalSection(NestedProjects) = preSolution
		{7D0F1C6A-E1F1-466B-990C-0E07B462C8DA} = {E2F939BA-AC06-417F-84F4-26EEE0605149}
		{E7B9629F-C435-4A51-9938-CE38601C599C} = {01C3DEF5-50B2-47CB-9467-19BC6DDF9D3D}
	EndGlobalSection
EndGlobal
